
Microsoft Visual Studio Solution File, Format Version 12.00
# Visual Studio Version 17
VisualStudioVersion = 17.8.34511.84
MinimumVisualStudioVersion = 10.0.40219.1
Project("{FAE04EC0-301F-11D3-BF4B-00C04F79EFBC}") = "Lab 7 Dictionary e", "Lab 7 Dictionary e.csproj", "{89D3EFCC-FF62-4266-9DB9-2535F3211947}"
EndProject
Global
	GlobalSection(SolutionConfigurationPlatforms) = preSolution
		Debug|Any CPU = Debug|Any CPU
		Release|Any CPU = Release|Any CPU
	EndGlobalSection
	GlobalSection(ProjectConfigurationPlatforms) = postSolution
		{89D3EFCC-FF62-4266-9DB9-2535F3211947}.Debug|Any CPU.ActiveCfg = Debug|Any CPU
		{89D3EFCC-FF62-4266-9DB9-2535F3211947}.Debug|Any CPU.Build.0 = Debug|Any CPU
		{89D3EFCC-FF62-4266-9DB9-2535F3211947}.Release|Any CPU.ActiveCfg = Release|Any CPU
		{89D3EFCC-FF62-4266-9DB9-2535F3211947}.Release|Any CPU.Build.0 = Release|Any CPU
	EndGlobalSection
	GlobalSection(SolutionProperties) = preSolution
		HideSolutionNode = FALSE
	EndGlobalSection
	GlobalSection(ExtensibilityGlobals) = postSolution
		SolutionGuid = {20B4DC79-2470-4F91-984E-874FBF1905DF}
	EndGlobalSection
EndGlobal
